
Microsoft Visual Studio Solution File, Format Version 12.00
# Visual Studio 15
Project("{FAE04EC0-301F-11D3-BF4B-00C04F79EFBC}") = "Unity.2D.Tilemap.Editor", "Unity.2D.Tilemap.Editor.csproj", "{B9790339-5D07-9FB1-5E08-6C30F8222E4E}"
EndProject
Project("{FAE04EC0-301F-11D3-BF4B-00C04F79EFBC}") = "UnityEditor.UI", "UnityEditor.UI.csproj", "{D819E2BD-B925-9E6C-CCB0-0F5C95DDF9FB}"
EndProject
Project("{FAE04EC0-301F-11D3-BF4B-00C04F79EFBC}") = "Assembly-CSharp", "Assembly-CSharp.csproj", "{850CDD47-BA08-FA06-E07B-5339CFDFA8CE}"
EndProject
Project("{FAE04EC0-301F-11D3-BF4B-00C04F79EFBC}") = "UnityEngine.UI", "UnityEngine.UI.csproj", "{F3673495-AD22-A572-277C-2D6E80D28087}"
EndProject
Project("{FAE04EC0-301F-11D3-BF4B-00C04F79EFBC}") = "Unity.2D.Sprite.Editor", "Unity.2D.Sprite.Editor.csproj", "{60E2EE61-3515-D319-6A5D-AA18EED5113F}"
EndProject
Global
	GlobalSection(SolutionConfigurationPlatforms) = preSolution
		Debug|Any CPU = Debug|Any CPU
		Release|Any CPU = Release|Any CPU
	EndGlobalSection
	GlobalSection(ProjectConfigurationPlatforms) = postSolution
		{B9790339-5D07-9FB1-5E08-6C30F8222E4E}.Debug|Any CPU.ActiveCfg = Debug|Any CPU
		{B9790339-5D07-9FB1-5E08-6C30F8222E4E}.Debug|Any CPU.Build.0 = Debug|Any CPU
		{B9790339-5D07-9FB1-5E08-6C30F8222E4E}.Release|Any CPU.ActiveCfg = Release|Any CPU
		{B9790339-5D07-9FB1-5E08-6C30F8222E4E}.Release|Any CPU.Build.0 = Release|Any CPU
		{D819E2BD-B925-9E6C-CCB0-0F5C95DDF9FB}.Debug|Any CPU.ActiveCfg = Debug|Any CPU
		{D819E2BD-B925-9E6C-CCB0-0F5C95DDF9FB}.Debug|Any CPU.Build.0 = Debug|Any CPU
		{D819E2BD-B925-9E6C-CCB0-0F5C95DDF9FB}.Release|Any CPU.ActiveCfg = Release|Any CPU
		{D819E2BD-B925-9E6C-CCB0-0F5C95DDF9FB}.Release|Any CPU.Build.0 = Release|Any CPU
		{850CDD47-BA08-FA06-E07B-5339CFDFA8CE}.Debug|Any CPU.ActiveCfg = Debug|Any CPU
		{850CDD47-BA08-FA06-E07B-5339CFDFA8CE}.Debug|Any CPU.Build.0 = Debug|Any CPU
		{850CDD47-BA08-FA06-E07B-5339CFDFA8CE}.Release|Any CPU.ActiveCfg = Release|Any CPU
		{850CDD47-BA08-FA06-E07B-5339CFDFA8CE}.Release|Any CPU.Build.0 = Release|Any CPU
		{F3673495-AD22-A572-277C-2D6E80D28087}.Debug|Any CPU.ActiveCfg = Debug|Any CPU
		{F3673495-AD22-A572-277C-2D6E80D28087}.Debug|Any CPU.Build.0 = Debug|Any CPU
		{F3673495-AD22-A572-277C-2D6E80D28087}.Release|Any CPU.ActiveCfg = Release|Any CPU
		{F3673495-AD22-A572-277C-2D6E80D28087}.Release|Any CPU.Build.0 = Release|Any CPU
		{60E2EE61-3515-D319-6A5D-AA18EED5113F}.Debug|Any CPU.ActiveCfg = Debug|Any CPU
		{60E2EE61-3515-D319-6A5D-AA18EED5113F}.Debug|Any CPU.Build.0 = Debug|Any CPU
		{60E2EE61-3515-D319-6A5D-AA18EED5113F}.Release|Any CPU.ActiveCfg = Release|Any CPU
		{60E2EE61-3515-D319-6A5D-AA18EED5113F}.Release|Any CPU.Build.0 = Release|Any CPU
	EndGlobalSection
	GlobalSection(SolutionProperties) = preSolution
		HideSolutionNode = FALSE
	EndGlobalSection
EndGlobal
